
Microsoft Visual Studio Solution File, Format Version 12.00
# Visual Studio Version 17
VisualStudioVersion = 17.5.33627.172
MinimumVisualStudioVersion = 10.0.40219.1
Project("{FAE04EC0-301F-11D3-BF4B-00C04F79EFBC}") = "Ponvaljanje4Dzad4", "Ponvaljanje4Dzad4.csproj", "{65A85BF9-1E14-4A84-ACA4-2792595C4452}"
EndProject
Global
	GlobalSection(SolutionConfigurationPlatforms) = preSolution
		Debug|Any CPU = Debug|Any CPU
		Release|Any CPU = Release|Any CPU
	EndGlobalSection
	GlobalSection(ProjectConfigurationPlatforms) = postSolution
		{65A85BF9-1E14-4A84-ACA4-2792595C4452}.Debug|Any CPU.ActiveCfg = Debug|Any CPU
		{65A85BF9-1E14-4A84-ACA4-2792595C4452}.Debug|Any CPU.Build.0 = Debug|Any CPU
		{65A85BF9-1E14-4A84-ACA4-2792595C4452}.Release|Any CPU.ActiveCfg = Release|Any CPU
		{65A85BF9-1E14-4A84-ACA4-2792595C4452}.Release|Any CPU.Build.0 = Release|Any CPU
	EndGlobalSection
	GlobalSection(SolutionProperties) = preSolution
		HideSolutionNode = FALSE
	EndGlobalSection
	GlobalSection(ExtensibilityGlobals) = postSolution
		SolutionGuid = {BBDAB67F-F73D-4AF2-8C35-851C141EAD8B}
	EndGlobalSection
EndGlobal
